
Microsoft Visual Studio Solution File, Format Version 12.00
# Visual Studio Version 17
VisualStudioVersion = 17.5.002.0
MinimumVisualStudioVersion = 10.0.40219.1
Project("{9A19103F-16F7-4668-BE54-9A1E7A4F7556}") = "TrilhaApiDesafio", "TrilhaApiDesafio.csproj", "{DD66FAFE-BADD-412E-94EE-9514E1C46E45}"
EndProject
Global
	GlobalSection(SolutionConfigurationPlatforms) = preSolution
		Debug|Any CPU = Debug|Any CPU
		Release|Any CPU = Release|Any CPU
	EndGlobalSection
	GlobalSection(ProjectConfigurationPlatforms) = postSolution
		{DD66FAFE-BADD-412E-94EE-9514E1C46E45}.Debug|Any CPU.ActiveCfg = Debug|Any CPU
		{DD66FAFE-BADD-412E-94EE-9514E1C46E45}.Debug|Any CPU.Build.0 = Debug|Any CPU
		{DD66FAFE-BADD-412E-94EE-9514E1C46E45}.Release|Any CPU.ActiveCfg = Release|Any CPU
		{DD66FAFE-BADD-412E-94EE-9514E1C46E45}.Release|Any CPU.Build.0 = Release|Any CPU
	EndGlobalSection
	GlobalSection(SolutionProperties) = preSolution
		HideSolutionNode = FALSE
	EndGlobalSection
	GlobalSection(ExtensibilityGlobals) = postSolution
		SolutionGuid = {0CF653EF-2BF7-492C-AB5D-DE10E3AEEA15}
	EndGlobalSection
EndGlobal
